Microsoft Visual Studio Solution File, Format Version 12.00
# Visual Studio 15
VisualStudioVersion = 15.0.27130.2036
MinimumVisualStudioVersion = 10.0.40219.1
Project("{FAE04EC0-301F-11D3-BF4B-00C04F79EFBC}") = "CodeGenerator", "CodeGenerator\CodeGenerator.csproj", "{62A4CFE3-C5F5-45F5-AD18-3F7E6739BD09}"
EndProject
Project("{FAE04EC0-301F-11D3-BF4B-00C04F79EFBC}") = "ImGuiSharp", "ImGuiSharp\ImGuiSharp.csproj", "{001F95C6-2620-4749-A0E1-E685D840D6DD}"
EndProject
Project("{FAE04EC0-301F-11D3-BF4B-00C04F79EFBC}") = "ImPlotSharp", "ImPlotSharp\ImPlotSharp.csproj", "{87EF2E15-5B1B-4CA4-8AFD-818855E7C6C6}"
EndProject
Project("{FAE04EC0-301F-11D3-BF4B-00C04F79EFBC}") = "ImNodesSharp", "ImNodesSharp\ImNodesSharp.csproj", "{4922EB2C-36E5-4839-A595-35E0BC2FA07F}"
EndProject
Project("{FAE04EC0-301F-11D3-BF4B-00C04F79EFBC}") = "ImGuizmoSharp", "ImGuizmoSharp\ImGuizmoSharp.csproj", "{81F7D4BE-C6C9-4F5A-A4CC-6E4A3A6FAD17}"
EndProject
Project("{2150E333-8FDC-42A3-9474-1A3956D46DE8}") = "tests", "tests", "{17F0EBD3-4741-4FA2-B30B-D14D237A87D6}"
EndProject
Project("{FAE04EC0-301F-11D3-BF4B-00C04F79EFBC}") = "ImguiSharp.Generator", "ImguiSharp.Generator\ImguiSharp.Generator.csproj", "{446E6377-DC31-4D97-A707-234F6E97DFA9}"
EndProject
Project("{2150E333-8FDC-42A3-9474-1A3956D46DE8}") = "samples", "samples", "{F460EC7F-055B-4530-B7D5-0B90EEC6B549}"
EndProject
Project("{FAE04EC0-301F-11D3-BF4B-00C04F79EFBC}") = "Sample.XNA", "samples\Sample.XNA\Sample.XNA.csproj", "{12580AFD-13CD-4AB7-BC2B-6398971C847F}"
EndProject
Global
	GlobalSection(SolutionConfigurationPlatforms) = preSolution
		Debug|Any CPU = Debug|Any CPU
		Debug|x64 = Debug|x64
		Debug|x86 = Debug|x86
		Release|Any CPU = Release|Any CPU
		Release|x64 = Release|x64
		Release|x86 = Release|x86
	EndGlobalSection
	GlobalSection(ProjectConfigurationPlatforms) = postSolution
		{62A4CFE3-C5F5-45F5-AD18-3F7E6739BD09}.Debug|Any CPU.ActiveCfg = Debug|Any CPU
		{62A4CFE3-C5F5-45F5-AD18-3F7E6739BD09}.Debug|Any CPU.Build.0 = Debug|Any CPU
		{62A4CFE3-C5F5-45F5-AD18-3F7E6739BD09}.Debug|x64.ActiveCfg = Debug|Any CPU
		{62A4CFE3-C5F5-45F5-AD18-3F7E6739BD09}.Debug|x64.Build.0 = Debug|Any CPU
		{62A4CFE3-C5F5-45F5-AD18-3F7E6739BD09}.Debug|x86.ActiveCfg = Debug|Any CPU
		{62A4CFE3-C5F5-45F5-AD18-3F7E6739BD09}.Debug|x86.Build.0 = Debug|Any CPU
		{62A4CFE3-C5F5-45F5-AD18-3F7E6739BD09}.Release|Any CPU.ActiveCfg = Release|Any CPU
		{62A4CFE3-C5F5-45F5-AD18-3F7E6739BD09}.Release|Any CPU.Build.0 = Release|Any CPU
		{62A4CFE3-C5F5-45F5-AD18-3F7E6739BD09}.Release|x64.ActiveCfg = Release|Any CPU
		{62A4CFE3-C5F5-45F5-AD18-3F7E6739BD09}.Release|x64.Build.0 = Release|Any CPU
		{62A4CFE3-C5F5-45F5-AD18-3F7E6739BD09}.Release|x86.ActiveCfg = Release|Any CPU
		{62A4CFE3-C5F5-45F5-AD18-3F7E6739BD09}.Release|x86.Build.0 = Release|Any CPU
		{001F95C6-2620-4749-A0E1-E685D840D6DD}.Debug|Any CPU.ActiveCfg = Debug|Any CPU
		{001F95C6-2620-4749-A0E1-E685D840D6DD}.Debug|Any CPU.Build.0 = Debug|Any CPU
		{001F95C6-2620-4749-A0E1-E685D840D6DD}.Debug|x64.ActiveCfg = Debug|Any CPU
		{001F95C6-2620-4749-A0E1-E685D840D6DD}.Debug|x64.Build.0 = Debug|Any CPU
		{001F95C6-2620-4749-A0E1-E685D840D6DD}.Debug|x86.ActiveCfg = Debug|Any CPU
		{001F95C6-2620-4749-A0E1-E685D840D6DD}.Debug|x86.Build.0 = Debug|Any CPU
		{001F95C6-2620-4749-A0E1-E685D840D6DD}.Release|Any CPU.ActiveCfg = Release|Any CPU
		{001F95C6-2620-4749-A0E1-E685D840D6DD}.Release|Any CPU.Build.0 = Release|Any CPU
		{001F95C6-2620-4749-A0E1-E685D840D6DD}.Release|x64.ActiveCfg = Release|Any CPU
		{001F95C6-2620-4749-A0E1-E685D840D6DD}.Release|x64.Build.0 = Release|Any CPU
		{001F95C6-2620-4749-A0E1-E685D840D6DD}.Release|x86.ActiveCfg = Release|Any CPU
		{001F95C6-2620-4749-A0E1-E685D840D6DD}.Release|x86.Build.0 = Release|Any CPU
		{87EF2E15-5B1B-4CA4-8AFD-818855E7C6C6}.Debug|Any CPU.ActiveCfg = Debug|Any CPU
		{87EF2E15-5B1B-4CA4-8AFD-818855E7C6C6}.Debug|Any CPU.Build.0 = Debug|Any CPU
		{87EF2E15-5B1B-4CA4-8AFD-818855E7C6C6}.Debug|x64.ActiveCfg = Debug|Any CPU
		{87EF2E15-5B1B-4CA4-8AFD-818855E7C6C6}.Debug|x64.Build.0 = Debug|Any CPU
		{87EF2E15-5B1B-4CA4-8AFD-818855E7C6C6}.Debug|x86.ActiveCfg = Debug|Any CPU
		{87EF2E15-5B1B-4CA4-8AFD-818855E7C6C6}.Debug|x86.Build.0 = Debug|Any CPU
		{87EF2E15-5B1B-4CA4-8AFD-818855E7C6C6}.Release|Any CPU.ActiveCfg = Release|Any CPU
		{87EF2E15-5B1B-4CA4-8AFD-818855E7C6C6}.Release|Any CPU.Build.0 = Release|Any CPU
		{87EF2E15-5B1B-4CA4-8AFD-818855E7C6C6}.Release|x64.ActiveCfg = Release|Any CPU
		{87EF2E15-5B1B-4CA4-8AFD-818855E7C6C6}.Release|x64.Build.0 = Release|Any CPU
		{87EF2E15-5B1B-4CA4-8AFD-818855E7C6C6}.Release|x86.ActiveCfg = Release|Any CPU
		{87EF2E15-5B1B-4CA4-8AFD-818855E7C6C6}.Release|x86.Build.0 = Release|Any CPU
		{4922EB2C-36E5-4839-A595-35E0BC2FA07F}.Debug|Any CPU.ActiveCfg = Debug|Any CPU
		{4922EB2C-36E5-4839-A595-35E0BC2FA07F}.Debug|Any CPU.Build.0 = Debug|Any CPU
		{4922EB2C-36E5-4839-A595-35E0BC2FA07F}.Debug|x64.ActiveCfg = Debug|Any CPU
		{4922EB2C-36E5-4839-A595-35E0BC2FA07F}.Debug|x64.Build.0 = Debug|Any CPU
		{4922EB2C-36E5-4839-A595-35E0BC2FA07F}.Debug|x86.ActiveCfg = Debug|Any CPU
		{4922EB2C-36E5-4839-A595-35E0BC2FA07F}.Debug|x86.Build.0 = Debug|Any CPU
		{4922EB2C-36E5-4839-A595-35E0BC2FA07F}.Release|Any CPU.ActiveCfg = Release|Any CPU
		{4922EB2C-36E5-4839-A595-35E0BC2FA07F}.Release|Any CPU.Build.0 = Release|Any CPU
		{4922EB2C-36E5-4839-A595-35E0BC2FA07F}.Release|x64.ActiveCfg = Release|Any CPU
		{4922EB2C-36E5-4839-A595-35E0BC2FA07F}.Release|x64.Build.0 = Release|Any CPU
		{4922EB2C-36E5-4839-A595-35E0BC2FA07F}.Release|x86.ActiveCfg = Release|Any CPU
		{4922EB2C-36E5-4839-A595-35E0BC2FA07F}.Release|x86.Build.0 = Release|Any CPU
		{81F7D4BE-C6C9-4F5A-A4CC-6E4A3A6FAD17}.Debug|Any CPU.ActiveCfg = Debug|Any CPU
		{81F7D4BE-C6C9-4F5A-A4CC-6E4A3A6FAD17}.Debug|Any CPU.Build.0 = Debug|Any CPU
		{81F7D4BE-C6C9-4F5A-A4CC-6E4A3A6FAD17}.Debug|x64.ActiveCfg = Debug|Any CPU
		{81F7D4BE-C6C9-4F5A-A4CC-6E4A3A6FAD17}.Debug|x64.Build.0 = Debug|Any CPU
		{81F7D4BE-C6C9-4F5A-A4CC-6E4A3A6FAD17}.Debug|x86.ActiveCfg = Debug|Any CPU
		{81F7D4BE-C6C9-4F5A-A4CC-6E4A3A6FAD17}.Debug|x86.Build.0 = Debug|Any CPU
		{81F7D4BE-C6C9-4F5A-A4CC-6E4A3A6FAD17}.Release|Any CPU.ActiveCfg = Release|Any CPU
		{81F7D4BE-C6C9-4F5A-A4CC-6E4A3A6FAD17}.Release|Any CPU.Build.0 = Release|Any CPU
		{81F7D4BE-C6C9-4F5A-A4CC-6E4A3A6FAD17}.Release|x64.ActiveCfg = Release|Any CPU
		{81F7D4BE-C6C9-4F5A-A4CC-6E4A3A6FAD17}.Release|x64.Build.0 = Release|Any CPU
		{81F7D4BE-C6C9-4F5A-A4CC-6E4A3A6FAD17}.Release|x86.ActiveCfg = Release|Any CPU
		{81F7D4BE-C6C9-4F5A-A4CC-6E4A3A6FAD17}.Release|x86.Build.0 = Release|Any CPU
		{446E6377-DC31-4D97-A707-234F6E97DFA9}.Debug|Any CPU.ActiveCfg = Debug|Any CPU
		{446E6377-DC31-4D97-A707-234F6E97DFA9}.Debug|Any CPU.Build.0 = Debug|Any CPU
		{446E6377-DC31-4D97-A707-234F6E97DFA9}.Debug|x64.ActiveCfg = Debug|Any CPU
		{446E6377-DC31-4D97-A707-234F6E97DFA9}.Debug|x64.Build.0 = Debug|Any CPU
		{446E6377-DC31-4D97-A707-234F6E97DFA9}.Debug|x86.ActiveCfg = Debug|Any CPU
		{446E6377-DC31-4D97-A707-234F6E97DFA9}.Debug|x86.Build.0 = Debug|Any CPU
		{446E6377-DC31-4D97-A707-234F6E97DFA9}.Release|Any CPU.ActiveCfg = Release|Any CPU
		{446E6377-DC31-4D97-A707-234F6E97DFA9}.Release|Any CPU.Build.0 = Release|Any CPU
		{446E6377-DC31-4D97-A707-234F6E97DFA9}.Release|x64.ActiveCfg = Release|Any CPU
		{446E6377-DC31-4D97-A707-234F6E97DFA9}.Release|x64.Build.0 = Release|Any CPU
		{446E6377-DC31-4D97-A707-234F6E97DFA9}.Release|x86.ActiveCfg = Release|Any CPU
		{446E6377-DC31-4D97-A707-234F6E97DFA9}.Release|x86.Build.0 = Release|Any CPU
		{12580AFD-13CD-4AB7-BC2B-6398971C847F}.Debug|Any CPU.ActiveCfg = Debug|Any CPU
		{12580AFD-13CD-4AB7-BC2B-6398971C847F}.Debug|Any CPU.Build.0 = Debug|Any CPU
		{12580AFD-13CD-4AB7-BC2B-6398971C847F}.Debug|x64.ActiveCfg = Debug|Any CPU
		{12580AFD-13CD-4AB7-BC2B-6398971C847F}.Debug|x64.Build.0 = Debug|Any CPU
		{12580AFD-13CD-4AB7-BC2B-6398971C847F}.Debug|x86.ActiveCfg = Debug|Any CPU
		{12580AFD-13CD-4AB7-BC2B-6398971C847F}.Debug|x86.Build.0 = Debug|Any CPU
		{12580AFD-13CD-4AB7-BC2B-6398971C847F}.Release|Any CPU.ActiveCfg = Release|Any CPU
		{12580AFD-13CD-4AB7-BC2B-6398971C847F}.Release|Any CPU.Build.0 = Release|Any CPU
		{12580AFD-13CD-4AB7-BC2B-6398971C847F}.Release|x64.ActiveCfg = Release|Any CPU
		{12580AFD-13CD-4AB7-BC2B-6398971C847F}.Release|x64.Build.0 = Release|Any CPU
		{12580AFD-13CD-4AB7-BC2B-6398971C847F}.Release|x86.ActiveCfg = Release|Any CPU
		{12580AFD-13CD-4AB7-BC2B-6398971C847F}.Release|x86.Build.0 = Release|Any CPU
	EndGlobalSection
	GlobalSection(SolutionProperties) = preSolution
		HideSolutionNode = FALSE
	EndGlobalSection
	GlobalSection(ExtensibilityGlobals) = postSolution
		SolutionGuid = {8B446794-E0C0-469F-ACC9-6650375F8BCF}
	EndGlobalSection
	GlobalSection(NestedProjects) = preSolution
		{12580AFD-13CD-4AB7-BC2B-6398971C847F} = {F460EC7F-055B-4530-B7D5-0B90EEC6B549}
	EndGlobalSection
EndGlobal
